{
  "name": "aa",
  "version": "1.0.0",
  "lockfileVersion": 1,
  "requires": true,
  "dependencies": {
    "dts2hx": {
      "version": "git+https://github.com/haxiomic/dts2hx.git#9b153176709f092baf0a42a083133a06d04ef17e",
      "from": "git+https://github.com/haxiomic/dts2hx.git",
      "requires": {
        "typescript": "3.7.4"
      }
    },
    "typescript": {
      "version": "3.7.4",
      "resolved": "https://registry.npmjs.org/typescript/-/typescript-3.7.4.tgz",
      "integrity": "sha512-A25xv5XCtarLwXpcDNZzCGvW2D1S3/bACratYBx2sax8PefsFhlYmkQicKHvpYflFS8if4zne5zT5kpJ7pzuvw=="
    }
  }
}
