{
  "name": "aa",
  "version": "1.0.0",
  "lockfileVersion": 1,
  "requires": true,
  "dependencies": {
    "dts2hx": {
      "version": "0.13.0",
      "resolved": "https://registry.npmjs.org/dts2hx/-/dts2hx-0.13.0.tgz",
      "integrity": "sha512-+0f5NM26XsKhrrCMWLdVrOoZaNAGF2d8MP7P9k+8JNq2FKlXBH7mRArF+L5bZB7NvUyQtlB2vpx+Frq1fcp+TQ==",
      "requires": {
        "typescript": "3.7.4"
      }
    },
    "typescript": {
      "version": "3.7.4",
      "resolved": "https://registry.npmjs.org/typescript/-/typescript-3.7.4.tgz",
      "integrity": "sha512-A25xv5XCtarLwXpcDNZzCGvW2D1S3/bACratYBx2sax8PefsFhlYmkQicKHvpYflFS8if4zne5zT5kpJ7pzuvw=="
    }
  }
}
